{
  "name": "cert-gen-api",
  "lockfileVersion": 3,
  "requires": true,
  "packages": {
    "": {
      "name": "cert-gen-api",
      "dependencies": {
        "docx-template": "^2.2.5",
        "docx-templates": "^4.11.3"
      },
      "devDependencies": {
        "bun-types": "latest"
      },
      "peerDependencies": {
        "typescript": "^5.0.0"
      }
    },
    "node_modules/ansi-regex": {
      "version": "2.1.1",
      "license": "MIT",
      "engines": {
        "node": ">=0.10.0"
      }
    },
    "node_modules/ansi-styles": {
      "version": "2.2.1",
      "license": "MIT",
      "engines": {
        "node": ">=0.10.0"
      }
    },
    "node_modules/babel-code-frame": {
      "version": "6.26.0",
      "license": "MIT",
      "dependencies": {
        "chalk": "^1.1.3",
        "esutils": "^2.0.2",
        "js-tokens": "^3.0.2"
      }
    },
    "node_modules/babel-core": {
      "version": "6.26.3",
      "license": "MIT",
      "dependencies": {
        "babel-code-frame": "^6.26.0",
        "babel-generator": "^6.26.0",
        "babel-helpers": "^6.24.1",
        "babel-messages": "^6.23.0",
        "babel-register": "^6.26.0",
        "babel-runtime": "^6.26.0",
        "babel-template": "^6.26.0",
        "babel-traverse": "^6.26.0",
        "babel-types": "^6.26.0",
        "babylon": "^6.18.0",
        "convert-source-map": "^1.5.1",
        "debug": "^2.6.9",
        "json5": "^0.5.1",
        "lodash": "^4.17.4",
        "minimatch": "^3.0.4",
        "path-is-absolute": "^1.0.1",
        "private": "^0.1.8",
        "slash": "^1.0.0",
        "source-map": "^0.5.7"
      }
    },
    "node_modules/babel-generator": {
      "version": "6.26.1",
      "license": "MIT",
      "dependencies": {
        "babel-messages": "^6.23.0",
        "babel-runtime": "^6.26.0",
        "babel-types": "^6.26.0",
        "detect-indent": "^4.0.0",
        "jsesc": "^1.3.0",
        "lodash": "^4.17.4",
        "source-map": "^0.5.7",
        "trim-right": "^1.0.1"
      }
    },
    "node_modules/babel-helper-call-delegate": {
      "version": "6.24.1",
      "license": "MIT",
      "dependencies": {
        "babel-helper-hoist-variables": "^6.24.1",
        "babel-runtime": "^6.22.0",
        "babel-traverse": "^6.24.1",
        "babel-types": "^6.24.1"
      }
    },
    "node_modules/babel-helper-define-map": {
      "version": "6.26.0",
      "license": "MIT",
      "dependencies": {
        "babel-helper-function-name": "^6.24.1",
        "babel-runtime": "^6.26.0",
        "babel-types": "^6.26.0",
        "lodash": "^4.17.4"
      }
    },
    "node_modules/babel-helper-function-name": {
      "version": "6.24.1",
      "license": "MIT",
      "dependencies": {
        "babel-helper-get-function-arity": "^6.24.1",
        "babel-runtime": "^6.22.0",
        "babel-template": "^6.24.1",
        "babel-traverse": "^6.24.1",
        "babel-types": "^6.24.1"
      }
    },
    "node_modules/babel-helper-get-function-arity": {
      "version": "6.24.1",
      "license": "MIT",
      "dependencies": {
        "babel-runtime": "^6.22.0",
        "babel-types": "^6.24.1"
      }
    },
    "node_modules/babel-helper-hoist-variables": {
      "version": "6.24.1",
      "license": "MIT",
      "dependencies": {
        "babel-runtime": "^6.22.0",
        "babel-types": "^6.24.1"
      }
    },
    "node_modules/babel-helper-optimise-call-expression": {
      "version": "6.24.1",
      "license": "MIT",
      "dependencies": {
        "babel-runtime": "^6.22.0",
        "babel-types": "^6.24.1"
      }
    },
    "node_modules/babel-helper-regex": {
      "version": "6.26.0",
      "license": "MIT",
      "dependencies": {
        "babel-runtime": "^6.26.0",
        "babel-types": "^6.26.0",
        "lodash": "^4.17.4"
      }
    },
    "node_modules/babel-helper-remap-async-to-generator": {
      "version": "6.24.1",
      "license": "MIT",
      "dependencies": {
        "babel-helper-function-name": "^6.24.1",
        "babel-runtime": "^6.22.0",
        "babel-template": "^6.24.1",
        "babel-traverse": "^6.24.1",
        "babel-types": "^6.24.1"
      }
    },
    "node_modules/babel-helper-replace-supers": {
      "version": "6.24.1",
      "license": "MIT",
      "dependencies": {
        "babel-helper-optimise-call-expression": "^6.24.1",
        "babel-messages": "^6.23.0",
        "babel-runtime": "^6.22.0",
        "babel-template": "^6.24.1",
        "babel-traverse": "^6.24.1",
        "babel-types": "^6.24.1"
      }
    },
    "node_modules/babel-helpers": {
      "version": "6.24.1",
      "license": "MIT",
      "dependencies": {
        "babel-runtime": "^6.22.0",
        "babel-template": "^6.24.1"
      }
    },
    "node_modules/babel-messages": {
      "version": "6.23.0",
      "license": "MIT",
      "dependencies": {
        "babel-runtime": "^6.22.0"
      }
    },
    "node_modules/babel-plugin-check-es2015-constants": {
      "version": "6.22.0",
      "license": "MIT",
      "dependencies": {
        "babel-runtime": "^6.22.0"
      }
    },
    "node_modules/babel-plugin-syntax-async-functions": {
      "version": "6.13.0",
      "license": "MIT"
    },
    "node_modules/babel-plugin-syntax-trailing-function-commas": {
      "version": "6.22.0",
      "license": "MIT"
    },
    "node_modules/babel-plugin-transform-async-to-generator": {
      "version": "6.24.1",
      "license": "MIT",
      "dependencies": {
        "babel-helper-remap-async-to-generator": "^6.24.1",
        "babel-plugin-syntax-async-functions": "^6.8.0",
        "babel-runtime": "^6.22.0"
      }
    },
    "node_modules/babel-plugin-transform-es2015-arrow-functions": {
      "version": "6.22.0",
      "license": "MIT",
      "dependencies": {
        "babel-runtime": "^6.22.0"
      }
    },
    "node_modules/babel-plugin-transform-es2015-block-scoped-functions": {
      "version": "6.22.0",
      "license": "MIT",
      "dependencies": {
        "babel-runtime": "^6.22.0"
      }
    },
    "node_modules/babel-plugin-transform-es2015-block-scoping": {
      "version": "6.26.0",
      "license": "MIT",
      "dependencies": {
        "babel-runtime": "^6.26.0",
        "babel-template": "^6.26.0",
        "babel-traverse": "^6.26.0",
        "babel-types": "^6.26.0",
        "lodash": "^4.17.4"
      }
    },
    "node_modules/babel-plugin-transform-es2015-classes": {
      "version": "6.24.1",
      "license": "MIT",
      "dependencies": {
        "babel-helper-define-map": "^6.24.1",
        "babel-helper-function-name": "^6.24.1",
        "babel-helper-optimise-call-expression": "^6.24.1",
        "babel-helper-replace-supers": "^6.24.1",
        "babel-messages": "^6.23.0",
        "babel-runtime": "^6.22.0",
        "babel-template": "^6.24.1",
        "babel-traverse": "^6.24.1",
        "babel-types": "^6.24.1"
      }
    },
    "node_modules/babel-plugin-transform-es2015-computed-properties": {
      "version": "6.24.1",
      "license": "MIT",
      "dependencies": {
        "babel-runtime": "^6.22.0",
        "babel-template": "^6.24.1"
      }
    },
    "node_modules/babel-plugin-transform-es2015-destructuring": {
      "version": "6.23.0",
      "license": "MIT",
      "dependencies": {
        "babel-runtime": "^6.22.0"
      }
    },
    "node_modules/babel-plugin-transform-es2015-duplicate-keys": {
      "version": "6.24.1",
      "license": "MIT",
      "dependencies": {
        "babel-runtime": "^6.22.0",
        "babel-types": "^6.24.1"
      }
    },
    "node_modules/babel-plugin-transform-es2015-for-of": {
      "version": "6.23.0",
      "license": "MIT",
      "dependencies": {
        "babel-runtime": "^6.22.0"
      }
    },
    "node_modules/babel-plugin-transform-es2015-function-name": {
      "version": "6.24.1",
      "license": "MIT",
      "dependencies": {
        "babel-helper-function-name": "^6.24.1",
        "babel-runtime": "^6.22.0",
        "babel-types": "^6.24.1"
      }
    },
    "node_modules/babel-plugin-transform-es2015-literals": {
      "version": "6.22.0",
      "license": "MIT",
      "dependencies": {
        "babel-runtime": "^6.22.0"
      }
    },
    "node_modules/babel-plugin-transform-es2015-modules-amd": {
      "version": "6.24.1",
      "license": "MIT",
      "dependencies": {
        "babel-plugin-transform-es2015-modules-commonjs": "^6.24.1",
        "babel-runtime": "^6.22.0",
        "babel-template": "^6.24.1"
      }
    },
    "node_modules/babel-plugin-transform-es2015-modules-commonjs": {
      "version": "6.26.2",
      "license": "MIT",
      "dependencies": {
        "babel-plugin-transform-strict-mode": "^6.24.1",
        "babel-runtime": "^6.26.0",
        "babel-template": "^6.26.0",
        "babel-types": "^6.26.0"
      }
    },
    "node_modules/babel-plugin-transform-es2015-modules-systemjs": {
      "version": "6.24.1",
      "license": "MIT",
      "dependencies": {
        "babel-helper-hoist-variables": "^6.24.1",
        "babel-runtime": "^6.22.0",
        "babel-template": "^6.24.1"
      }
    },
    "node_modules/babel-plugin-transform-es2015-modules-umd": {
      "version": "6.24.1",
      "license": "MIT",
      "dependencies": {
        "babel-plugin-transform-es2015-modules-amd": "^6.24.1",
        "babel-runtime": "^6.22.0",
        "babel-template": "^6.24.1"
      }
    },
    "node_modules/babel-plugin-transform-es2015-object-super": {
      "version": "6.24.1",
      "license": "MIT",
      "dependencies": {
        "babel-helper-replace-supers": "^6.24.1",
        "babel-runtime": "^6.22.0"
      }
    },
    "node_modules/babel-plugin-transform-es2015-parameters": {
      "version": "6.24.1",
      "license": "MIT",
      "dependencies": {
        "babel-helper-call-delegate": "^6.24.1",
        "babel-helper-get-function-arity": "^6.24.1",
        "babel-runtime": "^6.22.0",
        "babel-template": "^6.24.1",
        "babel-traverse": "^6.24.1",
        "babel-types": "^6.24.1"
      }
    },
    "node_modules/babel-plugin-transform-es2015-shorthand-properties": {
      "version": "6.24.1",
      "license": "MIT",
      "dependencies": {
        "babel-runtime": "^6.22.0",
        "babel-types": "^6.24.1"
      }
    },
    "node_modules/babel-plugin-transform-es2015-spread": {
      "version": "6.22.0",
      "license": "MIT",
      "dependencies": {
        "babel-runtime": "^6.22.0"
      }
    },
    "node_modules/babel-plugin-transform-es2015-sticky-regex": {
      "version": "6.24.1",
      "license": "MIT",
      "dependencies": {
        "babel-helper-regex": "^6.24.1",
        "babel-runtime": "^6.22.0",
        "babel-types": "^6.24.1"
      }
    },
    "node_modules/babel-plugin-transform-es2015-template-literals": {
      "version": "6.22.0",
      "license": "MIT",
      "dependencies": {
        "babel-runtime": "^6.22.0"
      }
    },
    "node_modules/babel-plugin-transform-es2015-typeof-symbol": {
      "version": "6.23.0",
      "license": "MIT",
      "dependencies": {
        "babel-runtime": "^6.22.0"
      }
    },
    "node_modules/babel-plugin-transform-es2015-unicode-regex": {
      "version": "6.24.1",
      "license": "MIT",
      "dependencies": {
        "babel-helper-regex": "^6.24.1",
        "babel-runtime": "^6.22.0",
        "regexpu-core": "^2.0.0"
      }
    },
    "node_modules/babel-plugin-transform-regenerator": {
      "version": "6.26.0",
      "license": "MIT",
      "dependencies": {
        "regenerator-transform": "^0.10.0"
      }
    },
    "node_modules/babel-plugin-transform-strict-mode": {
      "version": "6.24.1",
      "license": "MIT",
      "dependencies": {
        "babel-runtime": "^6.22.0",
        "babel-types": "^6.24.1"
      }
    },
    "node_modules/babel-polyfill": {
      "version": "6.26.0",
      "license": "MIT",
      "dependencies": {
        "babel-runtime": "^6.26.0",
        "core-js": "^2.5.0",
        "regenerator-runtime": "^0.10.5"
      }
    },
    "node_modules/babel-preset-es2015": {
      "version": "6.24.1",
      "license": "MIT",
      "dependencies": {
        "babel-plugin-check-es2015-constants": "^6.22.0",
        "babel-plugin-transform-es2015-arrow-functions": "^6.22.0",
        "babel-plugin-transform-es2015-block-scoped-functions": "^6.22.0",
        "babel-plugin-transform-es2015-block-scoping": "^6.24.1",
        "babel-plugin-transform-es2015-classes": "^6.24.1",
        "babel-plugin-transform-es2015-computed-properties": "^6.24.1",
        "babel-plugin-transform-es2015-destructuring": "^6.22.0",
        "babel-plugin-transform-es2015-duplicate-keys": "^6.24.1",
        "babel-plugin-transform-es2015-for-of": "^6.22.0",
        "babel-plugin-transform-es2015-function-name": "^6.24.1",
        "babel-plugin-transform-es2015-literals": "^6.22.0",
        "babel-plugin-transform-es2015-modules-amd": "^6.24.1",
        "babel-plugin-transform-es2015-modules-commonjs": "^6.24.1",
        "babel-plugin-transform-es2015-modules-systemjs": "^6.24.1",
        "babel-plugin-transform-es2015-modules-umd": "^6.24.1",
        "babel-plugin-transform-es2015-object-super": "^6.24.1",
        "babel-plugin-transform-es2015-parameters": "^6.24.1",
        "babel-plugin-transform-es2015-shorthand-properties": "^6.24.1",
        "babel-plugin-transform-es2015-spread": "^6.22.0",
        "babel-plugin-transform-es2015-sticky-regex": "^6.24.1",
        "babel-plugin-transform-es2015-template-literals": "^6.22.0",
        "babel-plugin-transform-es2015-typeof-symbol": "^6.22.0",
        "babel-plugin-transform-es2015-unicode-regex": "^6.24.1",
        "babel-plugin-transform-regenerator": "^6.24.1"
      }
    },
    "node_modules/babel-preset-es2017": {
      "version": "6.24.1",
      "license": "MIT",
      "dependencies": {
        "babel-plugin-syntax-trailing-function-commas": "^6.22.0",
        "babel-plugin-transform-async-to-generator": "^6.24.1"
      }
    },
    "node_modules/babel-register": {
      "version": "6.26.0",
      "license": "MIT",
      "dependencies": {
        "babel-core": "^6.26.0",
        "babel-runtime": "^6.26.0",
        "core-js": "^2.5.0",
        "home-or-tmp": "^2.0.0",
        "lodash": "^4.17.4",
        "mkdirp": "^0.5.1",
        "source-map-support": "^0.4.15"
      }
    },
    "node_modules/babel-runtime": {
      "version": "6.26.0",
      "license": "MIT",
      "dependencies": {
        "core-js": "^2.4.0",
        "regenerator-runtime": "^0.11.0"
      }
    },
    "node_modules/babel-runtime/node_modules/regenerator-runtime": {
      "version": "0.11.1",
      "license": "MIT"
    },
    "node_modules/babel-template": {
      "version": "6.26.0",
      "license": "MIT",
      "dependencies": {
        "babel-runtime": "^6.26.0",
        "babel-traverse": "^6.26.0",
        "babel-types": "^6.26.0",
        "babylon": "^6.18.0",
        "lodash": "^4.17.4"
      }
    },
    "node_modules/babel-traverse": {
      "version": "6.26.0",
      "license": "MIT",
      "dependencies": {
        "babel-code-frame": "^6.26.0",
        "babel-messages": "^6.23.0",
        "babel-runtime": "^6.26.0",
        "babel-types": "^6.26.0",
        "babylon": "^6.18.0",
        "debug": "^2.6.8",
        "globals": "^9.18.0",
        "invariant": "^2.2.2",
        "lodash": "^4.17.4"
      }
    },
    "node_modules/babel-types": {
      "version": "6.26.0",
      "license": "MIT",
      "dependencies": {
        "babel-runtime": "^6.26.0",
        "esutils": "^2.0.2",
        "lodash": "^4.17.4",
        "to-fast-properties": "^1.0.3"
      }
    },
    "node_modules/babylon": {
      "version": "6.18.0",
      "license": "MIT",
      "bin": {
        "babylon": "bin/babylon.js"
      }
    },
    "node_modules/balanced-match": {
      "version": "1.0.2",
      "license": "MIT"
    },
    "node_modules/boolbase": {
      "version": "1.0.0",
      "license": "ISC"
    },
    "node_modules/brace-expansion": {
      "version": "1.1.11",
      "license": "MIT",
      "dependencies": {
        "balanced-match": "^1.0.0",
        "concat-map": "0.0.1"
      }
    },
    "node_modules/bun-types": {
      "version": "1.0.14",
      "resolved": "https://registry.npmjs.org/bun-types/-/bun-types-1.0.14.tgz",
      "integrity": "sha512-hLVfM2fk8xSJeobfuPGilfvxM5gLtEy1bn7RJhrtw3u4OaC0kieXKYFFTVHU8jZ3hj8YyPLIFClIUodkFSrMBQ==",
      "dev": true
    },
    "node_modules/cfb": {
      "version": "0.12.1",
      "license": "Apache-2.0",
      "dependencies": {
        "commander": "~2.11.0",
        "printj": "~1.1.0"
      },
      "bin": {
        "cfb": "bin/cfb.njs"
      },
      "engines": {
        "node": ">=0.8"
      }
    },
    "node_modules/chalk": {
      "version": "1.1.3",
      "license": "MIT",
      "dependencies": {
        "ansi-styles": "^2.2.1",
        "escape-string-regexp": "^1.0.2",
        "has-ansi": "^2.0.0",
        "strip-ansi": "^3.0.0",
        "supports-color": "^2.0.0"
      },
      "engines": {
        "node": ">=0.10.0"
      }
    },
    "node_modules/cheerio": {
      "version": "0.22.0",
      "license": "MIT",
      "dependencies": {
        "css-select": "~1.2.0",
        "dom-serializer": "~0.1.0",
        "entities": "~1.1.1",
        "htmlparser2": "^3.9.1",
        "lodash.assignin": "^4.0.9",
        "lodash.bind": "^4.1.4",
        "lodash.defaults": "^4.0.1",
        "lodash.filter": "^4.4.0",
        "lodash.flatten": "^4.2.0",
        "lodash.foreach": "^4.3.0",
        "lodash.map": "^4.4.0",
        "lodash.merge": "^4.4.0",
        "lodash.pick": "^4.2.1",
        "lodash.reduce": "^4.4.0",
        "lodash.reject": "^4.4.0",
        "lodash.some": "^4.4.0"
      },
      "engines": {
        "node": ">= 0.6"
      }
    },
    "node_modules/color": {
      "version": "3.2.1",
      "license": "MIT",
      "dependencies": {
        "color-convert": "^1.9.3",
        "color-string": "^1.6.0"
      }
    },
    "node_modules/color-convert": {
      "version": "1.9.3",
      "license": "MIT",
      "dependencies": {
        "color-name": "1.1.3"
      }
    },
    "node_modules/color-name": {
      "version": "1.1.3",
      "license": "MIT"
    },
    "node_modules/color-string": {
      "version": "1.9.1",
      "license": "MIT",
      "dependencies": {
        "color-name": "^1.0.0",
        "simple-swizzle": "^0.2.2"
      }
    },
    "node_modules/commander": {
      "version": "2.11.0",
      "license": "MIT"
    },
    "node_modules/concat-map": {
      "version": "0.0.1",
      "license": "MIT"
    },
    "node_modules/convert-source-map": {
      "version": "1.9.0",
      "license": "MIT"
    },
    "node_modules/core-js": {
      "version": "2.6.12",
      "hasInstallScript": true,
      "license": "MIT"
    },
    "node_modules/core-util-is": {
      "version": "1.0.3",
      "resolved": "https://registry.npmjs.org/core-util-is/-/core-util-is-1.0.3.tgz",
      "integrity": "sha512-ZQBvi1DcpJ4GDqanjucZ2Hj3wEO5pZDS89BWbkcrvdxksJorwUDDZamX9ldFkp9aw2lmBDLgkObEA4DWNJ9FYQ=="
    },
    "node_modules/css-select": {
      "version": "1.2.0",
      "license": "BSD-like",
      "dependencies": {
        "boolbase": "~1.0.0",
        "css-what": "2.1",
        "domutils": "1.5.1",
        "nth-check": "~1.0.1"
      }
    },
    "node_modules/css-select/node_modules/domutils": {
      "version": "1.5.1",
      "dependencies": {
        "dom-serializer": "0",
        "domelementtype": "1"
      }
    },
    "node_modules/css-select/node_modules/domutils/node_modules/dom-serializer": {
      "version": "0.2.2",
      "license": "MIT",
      "dependencies": {
        "domelementtype": "^2.0.1",
        "entities": "^2.0.0"
      }
    },
    "node_modules/css-select/node_modules/domutils/node_modules/dom-serializer/node_modules/domelementtype": {
      "version": "2.3.0",
      "funding": [
        {
          "type": "github",
          "url": "https://github.com/sponsors/fb55"
        }
      ],
      "license": "BSD-2-Clause"
    },
    "node_modules/css-select/node_modules/domutils/node_modules/dom-serializer/node_modules/entities": {
      "version": "2.2.0",
      "license": "BSD-2-Clause",
      "funding": {
        "url": "https://github.com/fb55/entities?sponsor=1"
      }
    },
    "node_modules/css-what": {
      "version": "2.1.3",
      "license": "BSD-2-Clause",
      "engines": {
        "node": "*"
      }
    },
    "node_modules/debug": {
      "version": "2.6.9",
      "license": "MIT",
      "dependencies": {
        "ms": "2.0.0"
      }
    },
    "node_modules/deep-is": {
      "version": "0.1.4",
      "license": "MIT"
    },
    "node_modules/detect-indent": {
      "version": "4.0.0",
      "license": "MIT",
      "dependencies": {
        "repeating": "^2.0.0"
      },
      "engines": {
        "node": ">=0.10.0"
      }
    },
    "node_modules/docx-template": {
      "version": "2.2.5",
      "license": "GPL",
      "dependencies": {
        "babel-core": "^6.25.0",
        "babel-polyfill": "^6.23.0",
        "babel-preset-es2015": "^6.6.0",
        "babel-preset-es2017": "^6.24.1",
        "docx4js": "^3.1.11",
        "escodegen": "^1.8.1",
        "esprima": "^4.0.0",
        "isomorphic-fetch": "^2.2.1",
        "lodash.unescape": "^4.0.1",
        "xml-escape": "^1.1.0"
      }
    },
    "node_modules/docx-templates": {
      "version": "4.11.3",
      "resolved": "https://registry.npmjs.org/docx-templates/-/docx-templates-4.11.3.tgz",
      "integrity": "sha512-MphQX0jrqWsXQYUpTZxWaQbcTj7MksywZ6fg7g5ejyZpBbx5GxRJ/G+wv18gWn9bCa5OEKyIyxeejZrG/YGTvQ==",
      "dependencies": {
        "jszip": "^3.10.1",
        "sax": "1.2.4"
      },
      "engines": {
        "node": ">=6"
      }
    },
    "node_modules/docx-templates/node_modules/jszip": {
      "version": "3.10.1",
      "resolved": "https://registry.npmjs.org/jszip/-/jszip-3.10.1.tgz",
      "integrity": "sha512-xXDvecyTpGLrqFrvkrUSoxxfJI5AH7U8zxxtVclpsUtMCq4JQ290LY8AW5c7Ggnr/Y/oK+bQMbqK2qmtk3pN4g==",
      "dependencies": {
        "lie": "~3.3.0",
        "pako": "~1.0.2",
        "readable-stream": "~2.3.6",
        "setimmediate": "^1.0.5"
      }
    },
    "node_modules/docx-templates/node_modules/readable-stream": {
      "version": "2.3.8",
      "resolved": "https://registry.npmjs.org/readable-stream/-/readable-stream-2.3.8.tgz",
      "integrity": "sha512-8p0AUk4XODgIewSi0l8Epjs+EVnWiK7NoDIEGU0HhE7+ZyY8D1IMY7odu5lRrFXGg71L15KG8QrPmum45RTtdA==",
      "dependencies": {
        "core-util-is": "~1.0.0",
        "inherits": "~2.0.3",
        "isarray": "~1.0.0",
        "process-nextick-args": "~2.0.0",
        "safe-buffer": "~5.1.1",
        "string_decoder": "~1.1.1",
        "util-deprecate": "~1.0.1"
      }
    },
    "node_modules/docx-templates/node_modules/safe-buffer": {
      "version": "5.1.2",
      "resolved": "https://registry.npmjs.org/safe-buffer/-/safe-buffer-5.1.2.tgz",
      "integrity": "sha512-Gd2UZBJDkXlY7GbJxfsE8/nvKkUEU1G38c1siN6QP6a9PT9MmHB8GnpscSmMJSoF8LOIrt8ud/wPtojys4G6+g=="
    },
    "node_modules/docx-templates/node_modules/string_decoder": {
      "version": "1.1.1",
      "resolved": "https://registry.npmjs.org/string_decoder/-/string_decoder-1.1.1.tgz",
      "integrity": "sha512-n/ShnvDi6FHbbVfviro+WojiFzv+s8MPMHBczVePfUpDJLwoLT0ht1l4YwBCbi8pJAveEEdnkHyPyTP/mzRfwg==",
      "dependencies": {
        "safe-buffer": "~5.1.0"
      }
    },
    "node_modules/docx4js": {
      "version": "3.2.20",
      "license": "MIT",
      "dependencies": {
        "cfb": "^0.12.1",
        "cheerio": "^0.22.0",
        "color": "^3.1.0",
        "htmlparser2": "^3.9.2",
        "jszip": "^2.6.0"
      }
    },
    "node_modules/dom-serializer": {
      "version": "0.1.1",
      "license": "MIT",
      "dependencies": {
        "domelementtype": "^1.3.0",
        "entities": "^1.1.1"
      }
    },
    "node_modules/domelementtype": {
      "version": "1.3.1",
      "license": "BSD-2-Clause"
    },
    "node_modules/domhandler": {
      "version": "2.4.2",
      "license": "BSD-2-Clause",
      "dependencies": {
        "domelementtype": "1"
      }
    },
    "node_modules/domutils": {
      "version": "1.7.0",
      "license": "BSD-2-Clause",
      "dependencies": {
        "dom-serializer": "0",
        "domelementtype": "1"
      }
    },
    "node_modules/domutils/node_modules/dom-serializer": {
      "version": "0.2.2",
      "license": "MIT",
      "dependencies": {
        "domelementtype": "^2.0.1",
        "entities": "^2.0.0"
      }
    },
    "node_modules/domutils/node_modules/dom-serializer/node_modules/domelementtype": {
      "version": "2.3.0",
      "funding": [
        {
          "type": "github",
          "url": "https://github.com/sponsors/fb55"
        }
      ],
      "license": "BSD-2-Clause"
    },
    "node_modules/domutils/node_modules/dom-serializer/node_modules/entities": {
      "version": "2.2.0",
      "license": "BSD-2-Clause",
      "funding": {
        "url": "https://github.com/fb55/entities?sponsor=1"
      }
    },
    "node_modules/encoding": {
      "version": "0.1.13",
      "license": "MIT",
      "dependencies": {
        "iconv-lite": "^0.6.2"
      }
    },
    "node_modules/entities": {
      "version": "1.1.2",
      "license": "BSD-2-Clause"
    },
    "node_modules/escape-string-regexp": {
      "version": "1.0.5",
      "license": "MIT",
      "engines": {
        "node": ">=0.8.0"
      }
    },
    "node_modules/escodegen": {
      "version": "1.14.3",
      "license": "BSD-2-Clause",
      "dependencies": {
        "esprima": "^4.0.1",
        "estraverse": "^4.2.0",
        "esutils": "^2.0.2",
        "optionator": "^0.8.1"
      },
      "bin": {
        "escodegen": "bin/escodegen.js",
        "esgenerate": "bin/esgenerate.js"
      },
      "engines": {
        "node": ">=4.0"
      },
      "optionalDependencies": {
        "source-map": "~0.6.1"
      }
    },
    "node_modules/escodegen/node_modules/source-map": {
      "version": "0.6.1",
      "license": "BSD-3-Clause",
      "optional": true,
      "engines": {
        "node": ">=0.10.0"
      }
    },
    "node_modules/esprima": {
      "version": "4.0.1",
      "license": "BSD-2-Clause",
      "bin": {
        "esparse": "bin/esparse.js",
        "esvalidate": "bin/esvalidate.js"
      },
      "engines": {
        "node": ">=4"
      }
    },
    "node_modules/estraverse": {
      "version": "4.3.0",
      "license": "BSD-2-Clause",
      "engines": {
        "node": ">=4.0"
      }
    },
    "node_modules/esutils": {
      "version": "2.0.3",
      "license": "BSD-2-Clause",
      "engines": {
        "node": ">=0.10.0"
      }
    },
    "node_modules/fast-levenshtein": {
      "version": "2.0.6",
      "license": "MIT"
    },
    "node_modules/globals": {
      "version": "9.18.0",
      "license": "MIT",
      "engines": {
        "node": ">=0.10.0"
      }
    },
    "node_modules/has-ansi": {
      "version": "2.0.0",
      "license": "MIT",
      "dependencies": {
        "ansi-regex": "^2.0.0"
      },
      "engines": {
        "node": ">=0.10.0"
      }
    },
    "node_modules/home-or-tmp": {
      "version": "2.0.0",
      "license": "MIT",
      "dependencies": {
        "os-homedir": "^1.0.0",
        "os-tmpdir": "^1.0.1"
      },
      "engines": {
        "node": ">=0.10.0"
      }
    },
    "node_modules/htmlparser2": {
      "version": "3.10.1",
      "license": "MIT",
      "dependencies": {
        "domelementtype": "^1.3.1",
        "domhandler": "^2.3.0",
        "domutils": "^1.5.1",
        "entities": "^1.1.1",
        "inherits": "^2.0.1",
        "readable-stream": "^3.1.1"
      }
    },
    "node_modules/iconv-lite": {
      "version": "0.6.3",
      "license": "MIT",
      "dependencies": {
        "safer-buffer": ">= 2.1.2 < 3.0.0"
      },
      "engines": {
        "node": ">=0.10.0"
      }
    },
    "node_modules/immediate": {
      "version": "3.0.6",
      "resolved": "https://registry.npmjs.org/immediate/-/immediate-3.0.6.tgz",
      "integrity": "sha512-XXOFtyqDjNDAQxVfYxuF7g9Il/IbWmmlQg2MYKOH8ExIT1qg6xc4zyS3HaEEATgs1btfzxq15ciUiY7gjSXRGQ=="
    },
    "node_modules/inherits": {
      "version": "2.0.4",
      "license": "ISC"
    },
    "node_modules/invariant": {
      "version": "2.2.4",
      "license": "MIT",
      "dependencies": {
        "loose-envify": "^1.0.0"
      }
    },
    "node_modules/is-arrayish": {
      "version": "0.3.2",
      "license": "MIT"
    },
    "node_modules/is-finite": {
      "version": "1.1.0",
      "license": "MIT",
      "engines": {
        "node": ">=0.10.0"
      },
      "funding": {
        "url": "https://github.com/sponsors/sindresorhus"
      }
    },
    "node_modules/is-stream": {
      "version": "1.1.0",
      "license": "MIT",
      "engines": {
        "node": ">=0.10.0"
      }
    },
    "node_modules/isarray": {
      "version": "1.0.0",
      "resolved": "https://registry.npmjs.org/isarray/-/isarray-1.0.0.tgz",
      "integrity": "sha512-VLghIWNM6ELQzo7zwmcg0NmTVyWKYjvIeM83yjp0wRDTmUnrM678fQbcKBo6n2CJEF0szoG//ytg+TKla89ALQ=="
    },
    "node_modules/isomorphic-fetch": {
      "version": "2.2.1",
      "license": "MIT",
      "dependencies": {
        "node-fetch": "^1.0.1",
        "whatwg-fetch": ">=0.10.0"
      }
    },
    "node_modules/js-tokens": {
      "version": "3.0.2",
      "license": "MIT"
    },
    "node_modules/jsesc": {
      "version": "1.3.0",
      "license": "MIT",
      "bin": {
        "jsesc": "bin/jsesc"
      }
    },
    "node_modules/json5": {
      "version": "0.5.1",
      "license": "MIT",
      "bin": {
        "json5": "lib/cli.js"
      }
    },
    "node_modules/jszip": {
      "version": "2.7.0",
      "license": "(MIT OR GPL-3.0)",
      "dependencies": {
        "pako": "~1.0.2"
      }
    },
    "node_modules/levn": {
      "version": "0.3.0",
      "license": "MIT",
      "dependencies": {
        "prelude-ls": "~1.1.2",
        "type-check": "~0.3.2"
      },
      "engines": {
        "node": ">= 0.8.0"
      }
    },
    "node_modules/lie": {
      "version": "3.3.0",
      "resolved": "https://registry.npmjs.org/lie/-/lie-3.3.0.tgz",
      "integrity": "sha512-UaiMJzeWRlEujzAuw5LokY1L5ecNQYZKfmyZ9L7wDHb/p5etKaxXhohBcrw0EYby+G/NA52vRSN4N39dxHAIwQ==",
      "dependencies": {
        "immediate": "~3.0.5"
      }
    },
    "node_modules/lodash": {
      "version": "4.17.21",
      "license": "MIT"
    },
    "node_modules/lodash.assignin": {
      "version": "4.2.0",
      "license": "MIT"
    },
    "node_modules/lodash.bind": {
      "version": "4.2.1",
      "license": "MIT"
    },
    "node_modules/lodash.defaults": {
      "version": "4.2.0",
      "license": "MIT"
    },
    "node_modules/lodash.filter": {
      "version": "4.6.0",
      "license": "MIT"
    },
    "node_modules/lodash.flatten": {
      "version": "4.4.0",
      "license": "MIT"
    },
    "node_modules/lodash.foreach": {
      "version": "4.5.0",
      "license": "MIT"
    },
    "node_modules/lodash.map": {
      "version": "4.6.0",
      "license": "MIT"
    },
    "node_modules/lodash.merge": {
      "version": "4.6.2",
      "license": "MIT"
    },
    "node_modules/lodash.pick": {
      "version": "4.4.0",
      "license": "MIT"
    },
    "node_modules/lodash.reduce": {
      "version": "4.6.0",
      "license": "MIT"
    },
    "node_modules/lodash.reject": {
      "version": "4.6.0",
      "license": "MIT"
    },
    "node_modules/lodash.some": {
      "version": "4.6.0",
      "license": "MIT"
    },
    "node_modules/lodash.unescape": {
      "version": "4.0.1",
      "license": "MIT"
    },
    "node_modules/loose-envify": {
      "version": "1.4.0",
      "license": "MIT",
      "dependencies": {
        "js-tokens": "^3.0.0 || ^4.0.0"
      },
      "bin": {
        "loose-envify": "cli.js"
      }
    },
    "node_modules/minimatch": {
      "version": "3.0.8",
      "license": "ISC",
      "dependencies": {
        "brace-expansion": "^1.1.7"
      },
      "engines": {
        "node": "*"
      }
    },
    "node_modules/minimist": {
      "version": "1.2.8",
      "license": "MIT",
      "funding": {
        "url": "https://github.com/sponsors/ljharb"
      }
    },
    "node_modules/mkdirp": {
      "version": "0.5.6",
      "license": "MIT",
      "dependencies": {
        "minimist": "^1.2.6"
      },
      "bin": {
        "mkdirp": "bin/cmd.js"
      }
    },
    "node_modules/ms": {
      "version": "2.0.0",
      "license": "MIT"
    },
    "node_modules/node-fetch": {
      "version": "1.7.3",
      "license": "MIT",
      "dependencies": {
        "encoding": "^0.1.11",
        "is-stream": "^1.0.1"
      }
    },
    "node_modules/nth-check": {
      "version": "1.0.2",
      "license": "BSD-2-Clause",
      "dependencies": {
        "boolbase": "~1.0.0"
      }
    },
    "node_modules/optionator": {
      "version": "0.8.3",
      "license": "MIT",
      "dependencies": {
        "deep-is": "~0.1.3",
        "fast-levenshtein": "~2.0.6",
        "levn": "~0.3.0",
        "prelude-ls": "~1.1.2",
        "type-check": "~0.3.2",
        "word-wrap": "~1.2.3"
      },
      "engines": {
        "node": ">= 0.8.0"
      }
    },
    "node_modules/os-homedir": {
      "version": "1.0.2",
      "license": "MIT",
      "engines": {
        "node": ">=0.10.0"
      }
    },
    "node_modules/os-tmpdir": {
      "version": "1.0.2",
      "license": "MIT",
      "engines": {
        "node": ">=0.10.0"
      }
    },
    "node_modules/pako": {
      "version": "1.0.11",
      "license": "(MIT AND Zlib)"
    },
    "node_modules/path-is-absolute": {
      "version": "1.0.1",
      "license": "MIT",
      "engines": {
        "node": ">=0.10.0"
      }
    },
    "node_modules/prelude-ls": {
      "version": "1.1.2",
      "engines": {
        "node": ">= 0.8.0"
      }
    },
    "node_modules/printj": {
      "version": "1.1.2",
      "license": "Apache-2.0",
      "bin": {
        "printj": "bin/printj.njs"
      },
      "engines": {
        "node": ">=0.8"
      }
    },
    "node_modules/private": {
      "version": "0.1.8",
      "license": "MIT",
      "engines": {
        "node": ">= 0.6"
      }
    },
    "node_modules/process-nextick-args": {
      "version": "2.0.1",
      "resolved": "https://registry.npmjs.org/process-nextick-args/-/process-nextick-args-2.0.1.tgz",
      "integrity": "sha512-3ouUOpQhtgrbOa17J7+uxOTpITYWaGP7/AhoR3+A+/1e9skrzelGi/dXzEYyvbxubEF6Wn2ypscTKiKJFFn1ag=="
    },
    "node_modules/readable-stream": {
      "version": "3.6.2",
      "license": "MIT",
      "dependencies": {
        "inherits": "^2.0.3",
        "string_decoder": "^1.1.1",
        "util-deprecate": "^1.0.1"
      },
      "engines": {
        "node": ">= 6"
      }
    },
    "node_modules/regenerate": {
      "version": "1.4.2",
      "license": "MIT"
    },
    "node_modules/regenerator-runtime": {
      "version": "0.10.5",
      "license": "MIT"
    },
    "node_modules/regenerator-transform": {
      "version": "0.10.1",
      "license": "BSD",
      "dependencies": {
        "babel-runtime": "^6.18.0",
        "babel-types": "^6.19.0",
        "private": "^0.1.6"
      }
    },
    "node_modules/regexpu-core": {
      "version": "2.0.0",
      "license": "MIT",
      "dependencies": {
        "regenerate": "^1.2.1",
        "regjsgen": "^0.2.0",
        "regjsparser": "^0.1.4"
      }
    },
    "node_modules/regjsgen": {
      "version": "0.2.0",
      "license": "MIT"
    },
    "node_modules/regjsparser": {
      "version": "0.1.5",
      "license": "BSD",
      "dependencies": {
        "jsesc": "~0.5.0"
      },
      "bin": {
        "regjsparser": "bin/parser"
      }
    },
    "node_modules/regjsparser/node_modules/jsesc": {
      "version": "0.5.0",
      "bin": {
        "jsesc": "bin/jsesc"
      }
    },
    "node_modules/repeating": {
      "version": "2.0.1",
      "license": "MIT",
      "dependencies": {
        "is-finite": "^1.0.0"
      },
      "engines": {
        "node": ">=0.10.0"
      }
    },
    "node_modules/safe-buffer": {
      "version": "5.2.1",
      "funding": [
        {
          "type": "github",
          "url": "https://github.com/sponsors/feross"
        },
        {
          "type": "patreon",
          "url": "https://www.patreon.com/feross"
        },
        {
          "type": "consulting",
          "url": "https://feross.org/support"
        }
      ],
      "license": "MIT"
    },
    "node_modules/safer-buffer": {
      "version": "2.1.2",
      "license": "MIT"
    },
    "node_modules/sax": {
      "version": "1.2.4",
      "resolved": "https://registry.npmjs.org/sax/-/sax-1.2.4.tgz",
      "integrity": "sha512-NqVDv9TpANUjFm0N8uM5GxL36UgKi9/atZw+x7YFnQ8ckwFGKrl4xX4yWtrey3UJm5nP1kUbnYgLopqWNSRhWw=="
    },
    "node_modules/setimmediate": {
      "version": "1.0.5",
      "resolved": "https://registry.npmjs.org/setimmediate/-/setimmediate-1.0.5.tgz",
      "integrity": "sha512-MATJdZp8sLqDl/68LfQmbP8zKPLQNV6BIZoIgrscFDQ+RsvK/BxeDQOgyxKKoh0y/8h3BqVFnCqQ/gd+reiIXA=="
    },
    "node_modules/simple-swizzle": {
      "version": "0.2.2",
      "license": "MIT",
      "dependencies": {
        "is-arrayish": "^0.3.1"
      }
    },
    "node_modules/slash": {
      "version": "1.0.0",
      "license": "MIT",
      "engines": {
        "node": ">=0.10.0"
      }
    },
    "node_modules/source-map": {
      "version": "0.5.7",
      "license": "BSD-3-Clause",
      "engines": {
        "node": ">=0.10.0"
      }
    },
    "node_modules/source-map-support": {
      "version": "0.4.18",
      "license": "MIT",
      "dependencies": {
        "source-map": "^0.5.6"
      }
    },
    "node_modules/string_decoder": {
      "version": "1.3.0",
      "license": "MIT",
      "dependencies": {
        "safe-buffer": "~5.2.0"
      }
    },
    "node_modules/strip-ansi": {
      "version": "3.0.1",
      "license": "MIT",
      "dependencies": {
        "ansi-regex": "^2.0.0"
      },
      "engines": {
        "node": ">=0.10.0"
      }
    },
    "node_modules/supports-color": {
      "version": "2.0.0",
      "license": "MIT",
      "engines": {
        "node": ">=0.8.0"
      }
    },
    "node_modules/to-fast-properties": {
      "version": "1.0.3",
      "license": "MIT",
      "engines": {
        "node": ">=0.10.0"
      }
    },
    "node_modules/trim-right": {
      "version": "1.0.1",
      "license": "MIT",
      "engines": {
        "node": ">=0.10.0"
      }
    },
    "node_modules/type-check": {
      "version": "0.3.2",
      "license": "MIT",
      "dependencies": {
        "prelude-ls": "~1.1.2"
      },
      "engines": {
        "node": ">= 0.8.0"
      }
    },
    "node_modules/typescript": {
      "version": "5.3.2",
      "license": "Apache-2.0",
      "peer": true,
      "bin": {
        "tsc": "bin/tsc",
        "tsserver": "bin/tsserver"
      },
      "engines": {
        "node": ">=14.17"
      }
    },
    "node_modules/util-deprecate": {
      "version": "1.0.2",
      "license": "MIT"
    },
    "node_modules/whatwg-fetch": {
      "version": "3.6.19",
      "license": "MIT"
    },
    "node_modules/word-wrap": {
      "version": "1.2.5",
      "license": "MIT",
      "engines": {
        "node": ">=0.10.0"
      }
    },
    "node_modules/xml-escape": {
      "version": "1.1.0",
      "license": "MIT License"
    }
  }
}
